
Microsoft Visual Studio Solution File, Format Version 12.00
# Visual Studio Version 17
VisualStudioVersion = 17.9.34723.18
MinimumVisualStudioVersion = 10.0.40219.1
Project("{FAE04EC0-301F-11D3-BF4B-00C04F79EFBC}") = "NumberParser", "NumberParser\NumberParser.csproj", "{48C0A8E6-5BCF-4EB2-AE00-9BE833F1BABA}"
EndProject
Global
	GlobalSection(SolutionConfigurationPlatforms) = preSolution
		Debug|Any CPU = Debug|Any CPU
		Release|Any CPU = Release|Any CPU
	EndGlobalSection
	GlobalSection(ProjectConfigurationPlatforms) = postSolution
		{48C0A8E6-5BCF-4EB2-AE00-9BE833F1BABA}.Debug|Any CPU.ActiveCfg = Debug|Any CPU
		{48C0A8E6-5BCF-4EB2-AE00-9BE833F1BABA}.Debug|Any CPU.Build.0 = Debug|Any CPU
		{48C0A8E6-5BCF-4EB2-AE00-9BE833F1BABA}.Release|Any CPU.ActiveCfg = Release|Any CPU
		{48C0A8E6-5BCF-4EB2-AE00-9BE833F1BABA}.Release|Any CPU.Build.0 = Release|Any CPU
	EndGlobalSection
	GlobalSection(SolutionProperties) = preSolution
		HideSolutionNode = FALSE
	EndGlobalSection
	GlobalSection(ExtensibilityGlobals) = postSolution
		SolutionGuid = {6756079C-A217-4C28-A496-5AB9AEC5EEEF}
	EndGlobalSection
EndGlobal
